
Microsoft Visual Studio Solution File, Format Version 12.00
# Visual Studio Version 16
VisualStudioVersion = 16.0.30309.148
MinimumVisualStudioVersion = 10.0.40219.1
Project("{FAE04EC0-301F-11D3-BF4B-00C04F79EFBC}") = "TestAspNetSite", "TestAspNetSite\TestAspNetSite.csproj", "{9CC5E050-9C72-4B55-9FE7-59FAD1238D32}"
EndProject
Global
	GlobalSection(SolutionConfigurationPlatforms) = preSolution
		Debug|Any CPU = Debug|Any CPU
		Release|Any CPU = Release|Any CPU
	EndGlobalSection
	GlobalSection(ProjectConfigurationPlatforms) = postSolution
		{9CC5E050-9C72-4B55-9FE7-59FAD1238D32}.Debug|Any CPU.ActiveCfg = Debug|Any CPU
		{9CC5E050-9C72-4B55-9FE7-59FAD1238D32}.Debug|Any CPU.Build.0 = Debug|Any CPU
		{9CC5E050-9C72-4B55-9FE7-59FAD1238D32}.Release|Any CPU.ActiveCfg = Release|Any CPU
		{9CC5E050-9C72-4B55-9FE7-59FAD1238D32}.Release|Any CPU.Build.0 = Release|Any CPU
	EndGlobalSection
	GlobalSection(SolutionProperties) = preSolution
		HideSolutionNode = FALSE
	EndGlobalSection
	GlobalSection(ExtensibilityGlobals) = postSolution
		SolutionGuid = {3919836A-9956-42FD-8DF7-2624CF5F7646}
	EndGlobalSection
EndGlobal
